
Microsoft Visual Studio Solution File, Format Version 12.00
# Visual Studio Version 16
VisualStudioVersion = 16.0.30804.86
MinimumVisualStudioVersion = 10.0.40219.1
Project("{FAE04EC0-301F-11D3-BF4B-00C04F79EFBC}") = "1-PrimeiroProjeto", "1-PrimeiroProjeto\1-PrimeiroProjeto.csproj", "{9656E0CF-8569-4269-AC20-23A7656A8A88}"
EndProject
Project("{FAE04EC0-301F-11D3-BF4B-00C04F79EFBC}") = "2-CriandoVariaveis", "2-CriandoVariaveis\2-CriandoVariaveis.csproj", "{0B68DB15-11F9-4492-899B-3D0E816F4D5C}"
EndProject
Project("{FAE04EC0-301F-11D3-BF4B-00C04F79EFBC}") = "3-CriandoVariaveisPontoFlutuante", "3-CriandoVariaveisPontoFlutuante\3-CriandoVariaveisPontoFlutuante.csproj", "{406B0E03-E85A-485E-93CD-7C92A9612662}"
EndProject
Project("{FAE04EC0-301F-11D3-BF4B-00C04F79EFBC}") = "4-ConversoesEOutrosTiposnumericos", "4-ConversoesEOutrosTiposnumericos\4-ConversoesEOutrosTiposnumericos.csproj", "{CF5732DE-98E8-4AA0-ADF4-37C06B4B40B8}"
EndProject
Project("{9A19103F-16F7-4668-BE54-9A1E7A4F7556}") = "5-CaracteresETextos", "5-CaracteresETextos\5-CaracteresETextos.csproj", "{3814B149-FA85-48DD-A8D5-7DDF7D04DD8E}"
EndProject
Project("{9A19103F-16F7-4668-BE54-9A1E7A4F7556}") = "6-AtribuicoesDeVariaveis", "6-AtribuicoesDeVariaveis\6-AtribuicoesDeVariaveis.csproj", "{F76F430B-8204-4A0A-8327-EACFE38B649E}"
EndProject
Project("{9A19103F-16F7-4668-BE54-9A1E7A4F7556}") = "7-condicionais", "7-condicionais\7-condicionais.csproj", "{06F64F85-CF5C-4ACF-B672-F51FA3C34CAD}"
EndProject
Project("{9A19103F-16F7-4668-BE54-9A1E7A4F7556}") = "8-condicionais2", "8-condicionais2\8-condicionais2.csproj", "{6CF2F121-EA1A-456C-B3C5-03B2A826E88B}"
EndProject
Project("{9A19103F-16F7-4668-BE54-9A1E7A4F7556}") = "9-Escopo", "9-escopo\9-Escopo.csproj", "{CAA95311-8110-4661-8FFE-2E31598CD4F2}"
EndProject
Project("{9A19103F-16F7-4668-BE54-9A1E7A4F7556}") = "P10-CalculaPoupanca", "10-CalculaPoupanca\P10-CalculaPoupanca.csproj", "{CBD91466-8700-4CC9-8260-D97D7A53B126}"
EndProject
Project("{9A19103F-16F7-4668-BE54-9A1E7A4F7556}") = "P11-CalculaPoupanca2", "P11-CalculaPoupanca2\P11-CalculaPoupanca2.csproj", "{BD2AD1C4-1D5D-4A2B-907A-8E067CBB65EB}"
EndProject
Project("{FAE04EC0-301F-11D3-BF4B-00C04F79EFBC}") = "P12-CalculaInvestimentoLongoPrazo", "12-CalculaInvestimentoLongoPrazo\P12-CalculaInvestimentoLongoPrazo.csproj", "{C24CEAF3-ACF5-4E01-87FA-7833AE2B5CD5}"
EndProject
Global
	GlobalSection(SolutionConfigurationPlatforms) = preSolution
		Debug|Any CPU = Debug|Any CPU
		Release|Any CPU = Release|Any CPU
	EndGlobalSection
	GlobalSection(ProjectConfigurationPlatforms) = postSolution
		{9656E0CF-8569-4269-AC20-23A7656A8A88}.Debug|Any CPU.ActiveCfg = Debug|Any CPU
		{9656E0CF-8569-4269-AC20-23A7656A8A88}.Debug|Any CPU.Build.0 = Debug|Any CPU
		{9656E0CF-8569-4269-AC20-23A7656A8A88}.Release|Any CPU.ActiveCfg = Release|Any CPU
		{9656E0CF-8569-4269-AC20-23A7656A8A88}.Release|Any CPU.Build.0 = Release|Any CPU
		{0B68DB15-11F9-4492-899B-3D0E816F4D5C}.Debug|Any CPU.ActiveCfg = Debug|Any CPU
		{0B68DB15-11F9-4492-899B-3D0E816F4D5C}.Debug|Any CPU.Build.0 = Debug|Any CPU
		{0B68DB15-11F9-4492-899B-3D0E816F4D5C}.Release|Any CPU.ActiveCfg = Release|Any CPU
		{0B68DB15-11F9-4492-899B-3D0E816F4D5C}.Release|Any CPU.Build.0 = Release|Any CPU
		{406B0E03-E85A-485E-93CD-7C92A9612662}.Debug|Any CPU.ActiveCfg = Debug|Any CPU
		{406B0E03-E85A-485E-93CD-7C92A9612662}.Debug|Any CPU.Build.0 = Debug|Any CPU
		{406B0E03-E85A-485E-93CD-7C92A9612662}.Release|Any CPU.ActiveCfg = Release|Any CPU
		{406B0E03-E85A-485E-93CD-7C92A9612662}.Release|Any CPU.Build.0 = Release|Any CPU
		{CF5732DE-98E8-4AA0-ADF4-37C06B4B40B8}.Debug|Any CPU.ActiveCfg = Debug|Any CPU
		{CF5732DE-98E8-4AA0-ADF4-37C06B4B40B8}.Debug|Any CPU.Build.0 = Debug|Any CPU
		{CF5732DE-98E8-4AA0-ADF4-37C06B4B40B8}.Release|Any CPU.ActiveCfg = Release|Any CPU
		{CF5732DE-98E8-4AA0-ADF4-37C06B4B40B8}.Release|Any CPU.Build.0 = Release|Any CPU
		{3814B149-FA85-48DD-A8D5-7DDF7D04DD8E}.Debug|Any CPU.ActiveCfg = Debug|Any CPU
		{3814B149-FA85-48DD-A8D5-7DDF7D04DD8E}.Debug|Any CPU.Build.0 = Debug|Any CPU
		{3814B149-FA85-48DD-A8D5-7DDF7D04DD8E}.Release|Any CPU.ActiveCfg = Release|Any CPU
		{3814B149-FA85-48DD-A8D5-7DDF7D04DD8E}.Release|Any CPU.Build.0 = Release|Any CPU
		{F76F430B-8204-4A0A-8327-EACFE38B649E}.Debug|Any CPU.ActiveCfg = Debug|Any CPU
		{F76F430B-8204-4A0A-8327-EACFE38B649E}.Debug|Any CPU.Build.0 = Debug|Any CPU
		{F76F430B-8204-4A0A-8327-EACFE38B649E}.Release|Any CPU.ActiveCfg = Release|Any CPU
		{F76F430B-8204-4A0A-8327-EACFE38B649E}.Release|Any CPU.Build.0 = Release|Any CPU
		{06F64F85-CF5C-4ACF-B672-F51FA3C34CAD}.Debug|Any CPU.ActiveCfg = Debug|Any CPU
		{06F64F85-CF5C-4ACF-B672-F51FA3C34CAD}.Debug|Any CPU.Build.0 = Debug|Any CPU
		{06F64F85-CF5C-4ACF-B672-F51FA3C34CAD}.Release|Any CPU.ActiveCfg = Release|Any CPU
		{06F64F85-CF5C-4ACF-B672-F51FA3C34CAD}.Release|Any CPU.Build.0 = Release|Any CPU
		{6CF2F121-EA1A-456C-B3C5-03B2A826E88B}.Debug|Any CPU.ActiveCfg = Debug|Any CPU
		{6CF2F121-EA1A-456C-B3C5-03B2A826E88B}.Debug|Any CPU.Build.0 = Debug|Any CPU
		{6CF2F121-EA1A-456C-B3C5-03B2A826E88B}.Release|Any CPU.ActiveCfg = Release|Any CPU
		{6CF2F121-EA1A-456C-B3C5-03B2A826E88B}.Release|Any CPU.Build.0 = Release|Any CPU
		{CAA95311-8110-4661-8FFE-2E31598CD4F2}.Debug|Any CPU.ActiveCfg = Debug|Any CPU
		{CAA95311-8110-4661-8FFE-2E31598CD4F2}.Debug|Any CPU.Build.0 = Debug|Any CPU
		{CAA95311-8110-4661-8FFE-2E31598CD4F2}.Release|Any CPU.ActiveCfg = Release|Any CPU
		{CAA95311-8110-4661-8FFE-2E31598CD4F2}.Release|Any CPU.Build.0 = Release|Any CPU
		{CBD91466-8700-4CC9-8260-D97D7A53B126}.Debug|Any CPU.ActiveCfg = Debug|Any CPU
		{CBD91466-8700-4CC9-8260-D97D7A53B126}.Debug|Any CPU.Build.0 = Debug|Any CPU
		{CBD91466-8700-4CC9-8260-D97D7A53B126}.Release|Any CPU.ActiveCfg = Release|Any CPU
		{CBD91466-8700-4CC9-8260-D97D7A53B126}.Release|Any CPU.Build.0 = Release|Any CPU
		{BD2AD1C4-1D5D-4A2B-907A-8E067CBB65EB}.Debug|Any CPU.ActiveCfg = Debug|Any CPU
		{BD2AD1C4-1D5D-4A2B-907A-8E067CBB65EB}.Debug|Any CPU.Build.0 = Debug|Any CPU
		{BD2AD1C4-1D5D-4A2B-907A-8E067CBB65EB}.Release|Any CPU.ActiveCfg = Release|Any CPU
		{BD2AD1C4-1D5D-4A2B-907A-8E067CBB65EB}.Release|Any CPU.Build.0 = Release|Any CPU
		{C24CEAF3-ACF5-4E01-87FA-7833AE2B5CD5}.Debug|Any CPU.ActiveCfg = Debug|Any CPU
		{C24CEAF3-ACF5-4E01-87FA-7833AE2B5CD5}.Debug|Any CPU.Build.0 = Debug|Any CPU
		{C24CEAF3-ACF5-4E01-87FA-7833AE2B5CD5}.Release|Any CPU.ActiveCfg = Release|Any CPU
		{C24CEAF3-ACF5-4E01-87FA-7833AE2B5CD5}.Release|Any CPU.Build.0 = Release|Any CPU
	EndGlobalSection
	GlobalSection(SolutionProperties) = preSolution
		HideSolutionNode = FALSE
	EndGlobalSection
	GlobalSection(ExtensibilityGlobals) = postSolution
		SolutionGuid = {2A06D328-026E-428F-A3A5-5E24A64F0CE0}
	EndGlobalSection
EndGlobal
